
Microsoft Visual Studio Solution File, Format Version 12.00
# Visual Studio Version 17
VisualStudioVersion = 17.12.35527.113
MinimumVisualStudioVersion = 10.0.40219.1
Project("{2150E333-8FDC-42A3-9474-1A3956D46DE8}") = "src", "src", "{57737348-7C9E-4D33-817E-6445421303A5}"
EndProject
Project("{2150E333-8FDC-42A3-9474-1A3956D46DE8}") = "tests", "tests", "{2C0D7649-FEBD-4140-A84D-18C997A1D7A2}"
EndProject
Project("{FAE04EC0-301F-11D3-BF4B-00C04F79EFBC}") = "DevServer.AppHost", "src\DevServer.AppHost\DevServer.AppHost.csproj", "{9CF48C3E-469C-4B9D-8193-EE8A14C51B0C}"
EndProject
Project("{FAE04EC0-301F-11D3-BF4B-00C04F79EFBC}") = "DevServer.ServiceDefaults", "src\DevServer.ServiceDefaults\DevServer.ServiceDefaults.csproj", "{32C8CCC3-DD11-4460-B14E-B2F73BD2E22D}"
EndProject
Project("{FAE04EC0-301F-11D3-BF4B-00C04F79EFBC}") = "WeatherForecastApi", "src\WeatherForecastApi\WeatherForecastApi.csproj", "{C5E05F52-07B6-44C2-A63E-79CF2BEBAF43}"
EndProject
Project("{2150E333-8FDC-42A3-9474-1A3956D46DE8}") = "EnvironmentGateway", "EnvironmentGateway", "{02EA681E-C7D8-13C7-8484-4AC65E1B71E8}"
EndProject
Project("{FAE04EC0-301F-11D3-BF4B-00C04F79EFBC}") = "EnvironmentGateway.Api", "src\EnvironmentGateway\EnvironmentGateway.Api\EnvironmentGateway.Api.csproj", "{F34D70E9-56D8-2594-B45E-B5B60582C7B2}"
EndProject
Project("{FAE04EC0-301F-11D3-BF4B-00C04F79EFBC}") = "EnvironmentGateway.Application", "src\EnvironmentGateway\EnvironmentGateway.Application\EnvironmentGateway.Application.csproj", "{3C7CDEF9-79E8-4136-9429-BC20110E3F42}"
EndProject
Project("{FAE04EC0-301F-11D3-BF4B-00C04F79EFBC}") = "EnvironmentGateway.Domain", "src\EnvironmentGateway\EnvironmentGateway.Domain\EnvironmentGateway.Domain.csproj", "{13D2A1AB-45B5-4DF2-80DF-5BA07C017210}"
EndProject
Project("{FAE04EC0-301F-11D3-BF4B-00C04F79EFBC}") = "EnvironmentGateway.Infrastructure", "src\EnvironmentGateway\EnvironmentGateway.Infrastructure\EnvironmentGateway.Infrastructure.csproj", "{E1917368-655C-4BC8-B2BC-A46780FA89EA}"
EndProject
Global
	GlobalSection(SolutionConfigurationPlatforms) = preSolution
		Debug|Any CPU = Debug|Any CPU
		Release|Any CPU = Release|Any CPU
	EndGlobalSection
	GlobalSection(ProjectConfigurationPlatforms) = postSolution
		{9CF48C3E-469C-4B9D-8193-EE8A14C51B0C}.Debug|Any CPU.ActiveCfg = Debug|Any CPU
		{9CF48C3E-469C-4B9D-8193-EE8A14C51B0C}.Debug|Any CPU.Build.0 = Debug|Any CPU
		{9CF48C3E-469C-4B9D-8193-EE8A14C51B0C}.Release|Any CPU.ActiveCfg = Release|Any CPU
		{9CF48C3E-469C-4B9D-8193-EE8A14C51B0C}.Release|Any CPU.Build.0 = Release|Any CPU
		{32C8CCC3-DD11-4460-B14E-B2F73BD2E22D}.Debug|Any CPU.ActiveCfg = Debug|Any CPU
		{32C8CCC3-DD11-4460-B14E-B2F73BD2E22D}.Debug|Any CPU.Build.0 = Debug|Any CPU
		{32C8CCC3-DD11-4460-B14E-B2F73BD2E22D}.Release|Any CPU.ActiveCfg = Release|Any CPU
		{32C8CCC3-DD11-4460-B14E-B2F73BD2E22D}.Release|Any CPU.Build.0 = Release|Any CPU
		{C5E05F52-07B6-44C2-A63E-79CF2BEBAF43}.Debug|Any CPU.ActiveCfg = Debug|Any CPU
		{C5E05F52-07B6-44C2-A63E-79CF2BEBAF43}.Debug|Any CPU.Build.0 = Debug|Any CPU
		{C5E05F52-07B6-44C2-A63E-79CF2BEBAF43}.Release|Any CPU.ActiveCfg = Release|Any CPU
		{C5E05F52-07B6-44C2-A63E-79CF2BEBAF43}.Release|Any CPU.Build.0 = Release|Any CPU
		{F34D70E9-56D8-2594-B45E-B5B60582C7B2}.Debug|Any CPU.ActiveCfg = Debug|Any CPU
		{F34D70E9-56D8-2594-B45E-B5B60582C7B2}.Debug|Any CPU.Build.0 = Debug|Any CPU
		{F34D70E9-56D8-2594-B45E-B5B60582C7B2}.Release|Any CPU.ActiveCfg = Release|Any CPU
		{F34D70E9-56D8-2594-B45E-B5B60582C7B2}.Release|Any CPU.Build.0 = Release|Any CPU
		{3C7CDEF9-79E8-4136-9429-BC20110E3F42}.Debug|Any CPU.ActiveCfg = Debug|Any CPU
		{3C7CDEF9-79E8-4136-9429-BC20110E3F42}.Debug|Any CPU.Build.0 = Debug|Any CPU
		{3C7CDEF9-79E8-4136-9429-BC20110E3F42}.Release|Any CPU.ActiveCfg = Release|Any CPU
		{3C7CDEF9-79E8-4136-9429-BC20110E3F42}.Release|Any CPU.Build.0 = Release|Any CPU
		{13D2A1AB-45B5-4DF2-80DF-5BA07C017210}.Debug|Any CPU.ActiveCfg = Debug|Any CPU
		{13D2A1AB-45B5-4DF2-80DF-5BA07C017210}.Debug|Any CPU.Build.0 = Debug|Any CPU
		{13D2A1AB-45B5-4DF2-80DF-5BA07C017210}.Release|Any CPU.ActiveCfg = Release|Any CPU
		{13D2A1AB-45B5-4DF2-80DF-5BA07C017210}.Release|Any CPU.Build.0 = Release|Any CPU
		{E1917368-655C-4BC8-B2BC-A46780FA89EA}.Debug|Any CPU.ActiveCfg = Debug|Any CPU
		{E1917368-655C-4BC8-B2BC-A46780FA89EA}.Debug|Any CPU.Build.0 = Debug|Any CPU
		{E1917368-655C-4BC8-B2BC-A46780FA89EA}.Release|Any CPU.ActiveCfg = Release|Any CPU
		{E1917368-655C-4BC8-B2BC-A46780FA89EA}.Release|Any CPU.Build.0 = Release|Any CPU
	EndGlobalSection
	GlobalSection(SolutionProperties) = preSolution
		HideSolutionNode = FALSE
	EndGlobalSection
	GlobalSection(NestedProjects) = preSolution
		{9CF48C3E-469C-4B9D-8193-EE8A14C51B0C} = {57737348-7C9E-4D33-817E-6445421303A5}
		{32C8CCC3-DD11-4460-B14E-B2F73BD2E22D} = {57737348-7C9E-4D33-817E-6445421303A5}
		{C5E05F52-07B6-44C2-A63E-79CF2BEBAF43} = {57737348-7C9E-4D33-817E-6445421303A5}
		{02EA681E-C7D8-13C7-8484-4AC65E1B71E8} = {57737348-7C9E-4D33-817E-6445421303A5}
		{F34D70E9-56D8-2594-B45E-B5B60582C7B2} = {02EA681E-C7D8-13C7-8484-4AC65E1B71E8}
		{3C7CDEF9-79E8-4136-9429-BC20110E3F42} = {02EA681E-C7D8-13C7-8484-4AC65E1B71E8}
		{13D2A1AB-45B5-4DF2-80DF-5BA07C017210} = {02EA681E-C7D8-13C7-8484-4AC65E1B71E8}
		{E1917368-655C-4BC8-B2BC-A46780FA89EA} = {02EA681E-C7D8-13C7-8484-4AC65E1B71E8}
	EndGlobalSection
	GlobalSection(ExtensibilityGlobals) = postSolution
		SolutionGuid = {F014687A-7A3F-4BA1-8FD1-B6C101C8467E}
	EndGlobalSection
EndGlobal
