
Microsoft Visual Studio Solution File, Format Version 12.00
# Visual Studio Version 17
VisualStudioVersion = 17.12.35527.113
MinimumVisualStudioVersion = 10.0.40219.1
Project("{2150E333-8FDC-42A3-9474-1A3956D46DE8}") = "src", "src", "{57737348-7C9E-4D33-817E-6445421303A5}"
EndProject
Project("{2150E333-8FDC-42A3-9474-1A3956D46DE8}") = "tests", "tests", "{2C0D7649-FEBD-4140-A84D-18C997A1D7A2}"
EndProject
Project("{FAE04EC0-301F-11D3-BF4B-00C04F79EFBC}") = "DevServer.AppHost", "src\DevServer.AppHost\DevServer.AppHost.csproj", "{9CF48C3E-469C-4B9D-8193-EE8A14C51B0C}"
EndProject
Project("{FAE04EC0-301F-11D3-BF4B-00C04F79EFBC}") = "DevServer.ServiceDefaults", "src\DevServer.ServiceDefaults\DevServer.ServiceDefaults.csproj", "{32C8CCC3-DD11-4460-B14E-B2F73BD2E22D}"
EndProject
Project("{2150E333-8FDC-42A3-9474-1A3956D46DE8}") = "EnvironmentGateway", "EnvironmentGateway", "{02EA681E-C7D8-13C7-8484-4AC65E1B71E8}"
EndProject
Project("{FAE04EC0-301F-11D3-BF4B-00C04F79EFBC}") = "EnvironmentGateway.Api", "src\EnvironmentGateway\EnvironmentGateway.Api\EnvironmentGateway.Api.csproj", "{F34D70E9-56D8-2594-B45E-B5B60582C7B2}"
EndProject
Project("{FAE04EC0-301F-11D3-BF4B-00C04F79EFBC}") = "EnvironmentGateway.Application", "src\EnvironmentGateway\EnvironmentGateway.Application\EnvironmentGateway.Application.csproj", "{3C7CDEF9-79E8-4136-9429-BC20110E3F42}"
EndProject
Project("{FAE04EC0-301F-11D3-BF4B-00C04F79EFBC}") = "EnvironmentGateway.Domain", "src\EnvironmentGateway\EnvironmentGateway.Domain\EnvironmentGateway.Domain.csproj", "{13D2A1AB-45B5-4DF2-80DF-5BA07C017210}"
EndProject
Project("{FAE04EC0-301F-11D3-BF4B-00C04F79EFBC}") = "EnvironmentGateway.Infrastructure", "src\EnvironmentGateway\EnvironmentGateway.Infrastructure\EnvironmentGateway.Infrastructure.csproj", "{E1917368-655C-4BC8-B2BC-A46780FA89EA}"
EndProject
Project("{2150E333-8FDC-42A3-9474-1A3956D46DE8}") = "Solution Items", "Solution Items", "{7E4EACBE-7679-46E3-AB55-E7E978B4653F}"
	ProjectSection(SolutionItems) = preProject
		.editorconfig = .editorconfig
		Directory.Build.props = Directory.Build.props
		Directory.Packages.props = Directory.Packages.props
	EndProjectSection
EndProject
Project("{2150E333-8FDC-42A3-9474-1A3956D46DE8}") = "EnvironmentGateway", "EnvironmentGateway", "{37DF71A3-1BA1-44AE-9700-40C293CBC80D}"
EndProject
Project("{FAE04EC0-301F-11D3-BF4B-00C04F79EFBC}") = "EnvironmentGateway.Domain.UnitTests", "tests\EnvironmentGateway\EnvironmentGateway.Domain.UnitTests\EnvironmentGateway.Domain.UnitTests.csproj", "{E90E303F-41D3-442C-8879-37466D9B8F5B}"
EndProject
Project("{FAE04EC0-301F-11D3-BF4B-00C04F79EFBC}") = "EnvironmentGateway.Application.UnitTests", "tests\EnvironmentGateway\EnvironmentGateway.Application.UnitTests\EnvironmentGateway.Application.UnitTests.csproj", "{2C14CF09-5FB5-4EDF-8FDE-2537063B7476}"
EndProject
Project("{FAE04EC0-301F-11D3-BF4B-00C04F79EFBC}") = "EnvironmentGateway.Application.IntegrationTests", "tests\EnvironmentGateway\EnvironmentGateway.Application.IntegrationTests\EnvironmentGateway.Application.IntegrationTests.csproj", "{005FE6B1-4879-4729-92AC-6C211FCAB727}"
EndProject
Project("{FAE04EC0-301F-11D3-BF4B-00C04F79EFBC}") = "EnvironmentGateway.ArchitectureTests", "tests\EnvironmentGateway\EnvironmentGateway.ArchitectureTests\EnvironmentGateway.ArchitectureTests.csproj", "{64B67D32-90BE-4DBC-B939-EFEBB983FC92}"
EndProject
Project("{FAE04EC0-301F-11D3-BF4B-00C04F79EFBC}") = "EnvironmentGateway.Api.FunctionalTests", "tests\EnvironmentGateway\EnvironmentGateway.Api.FunctionalTests\EnvironmentGateway.Api.FunctionalTests.csproj", "{41C880C8-B091-4385-9CB6-A37F5166737D}"
EndProject
Project("{2150E333-8FDC-42A3-9474-1A3956D46DE8}") = "UserManager", "UserManager", "{0C4CA494-283F-4DC1-A143-EF3CA8DBC821}"
EndProject
Project("{FAE04EC0-301F-11D3-BF4B-00C04F79EFBC}") = "Domain", "src\UserManager\Domain\Domain.csproj", "{C092B667-F4DA-41B6-1E9F-031CBCF210AD}"
EndProject
Project("{FAE04EC0-301F-11D3-BF4B-00C04F79EFBC}") = "SharedKernel", "src\SharedKernel\SharedKernel.csproj", "{D1DA9BB8-A31F-5E76-AEF9-E74FC07EBD54}"
EndProject
Project("{FAE04EC0-301F-11D3-BF4B-00C04F79EFBC}") = "Application", "src\UserManager\Application\Application.csproj", "{C15A9B15-155F-7819-7A6B-3A21A3C37313}"
EndProject
Project("{FAE04EC0-301F-11D3-BF4B-00C04F79EFBC}") = "Infrastructure", "src\UserManager\Infrastructure\Infrastructure.csproj", "{EF50884A-F4E4-53E0-0036-772ED3E13FA2}"
EndProject
Project("{FAE04EC0-301F-11D3-BF4B-00C04F79EFBC}") = "Web.Api", "src\UserManager\Web.Api\Web.Api.csproj", "{B5B9F57C-C0AD-4F6D-EE7F-AB847F57DD5B}"
EndProject
Global
	GlobalSection(SolutionConfigurationPlatforms) = preSolution
		Debug|Any CPU = Debug|Any CPU
		Release|Any CPU = Release|Any CPU
	EndGlobalSection
	GlobalSection(ProjectConfigurationPlatforms) = postSolution
		{9CF48C3E-469C-4B9D-8193-EE8A14C51B0C}.Debug|Any CPU.ActiveCfg = Debug|Any CPU
		{9CF48C3E-469C-4B9D-8193-EE8A14C51B0C}.Debug|Any CPU.Build.0 = Debug|Any CPU
		{9CF48C3E-469C-4B9D-8193-EE8A14C51B0C}.Release|Any CPU.ActiveCfg = Release|Any CPU
		{9CF48C3E-469C-4B9D-8193-EE8A14C51B0C}.Release|Any CPU.Build.0 = Release|Any CPU
		{32C8CCC3-DD11-4460-B14E-B2F73BD2E22D}.Debug|Any CPU.ActiveCfg = Debug|Any CPU
		{32C8CCC3-DD11-4460-B14E-B2F73BD2E22D}.Debug|Any CPU.Build.0 = Debug|Any CPU
		{32C8CCC3-DD11-4460-B14E-B2F73BD2E22D}.Release|Any CPU.ActiveCfg = Release|Any CPU
		{32C8CCC3-DD11-4460-B14E-B2F73BD2E22D}.Release|Any CPU.Build.0 = Release|Any CPU
		{F34D70E9-56D8-2594-B45E-B5B60582C7B2}.Debug|Any CPU.ActiveCfg = Debug|Any CPU
		{F34D70E9-56D8-2594-B45E-B5B60582C7B2}.Debug|Any CPU.Build.0 = Debug|Any CPU
		{F34D70E9-56D8-2594-B45E-B5B60582C7B2}.Release|Any CPU.ActiveCfg = Release|Any CPU
		{F34D70E9-56D8-2594-B45E-B5B60582C7B2}.Release|Any CPU.Build.0 = Release|Any CPU
		{3C7CDEF9-79E8-4136-9429-BC20110E3F42}.Debug|Any CPU.ActiveCfg = Debug|Any CPU
		{3C7CDEF9-79E8-4136-9429-BC20110E3F42}.Debug|Any CPU.Build.0 = Debug|Any CPU
		{3C7CDEF9-79E8-4136-9429-BC20110E3F42}.Release|Any CPU.ActiveCfg = Release|Any CPU
		{3C7CDEF9-79E8-4136-9429-BC20110E3F42}.Release|Any CPU.Build.0 = Release|Any CPU
		{13D2A1AB-45B5-4DF2-80DF-5BA07C017210}.Debug|Any CPU.ActiveCfg = Debug|Any CPU
		{13D2A1AB-45B5-4DF2-80DF-5BA07C017210}.Debug|Any CPU.Build.0 = Debug|Any CPU
		{13D2A1AB-45B5-4DF2-80DF-5BA07C017210}.Release|Any CPU.ActiveCfg = Release|Any CPU
		{13D2A1AB-45B5-4DF2-80DF-5BA07C017210}.Release|Any CPU.Build.0 = Release|Any CPU
		{E1917368-655C-4BC8-B2BC-A46780FA89EA}.Debug|Any CPU.ActiveCfg = Debug|Any CPU
		{E1917368-655C-4BC8-B2BC-A46780FA89EA}.Debug|Any CPU.Build.0 = Debug|Any CPU
		{E1917368-655C-4BC8-B2BC-A46780FA89EA}.Release|Any CPU.ActiveCfg = Release|Any CPU
		{E1917368-655C-4BC8-B2BC-A46780FA89EA}.Release|Any CPU.Build.0 = Release|Any CPU
		{E90E303F-41D3-442C-8879-37466D9B8F5B}.Debug|Any CPU.ActiveCfg = Debug|Any CPU
		{E90E303F-41D3-442C-8879-37466D9B8F5B}.Debug|Any CPU.Build.0 = Debug|Any CPU
		{E90E303F-41D3-442C-8879-37466D9B8F5B}.Release|Any CPU.ActiveCfg = Release|Any CPU
		{E90E303F-41D3-442C-8879-37466D9B8F5B}.Release|Any CPU.Build.0 = Release|Any CPU
		{2C14CF09-5FB5-4EDF-8FDE-2537063B7476}.Debug|Any CPU.ActiveCfg = Debug|Any CPU
		{2C14CF09-5FB5-4EDF-8FDE-2537063B7476}.Debug|Any CPU.Build.0 = Debug|Any CPU
		{2C14CF09-5FB5-4EDF-8FDE-2537063B7476}.Release|Any CPU.ActiveCfg = Release|Any CPU
		{2C14CF09-5FB5-4EDF-8FDE-2537063B7476}.Release|Any CPU.Build.0 = Release|Any CPU
		{005FE6B1-4879-4729-92AC-6C211FCAB727}.Debug|Any CPU.ActiveCfg = Debug|Any CPU
		{005FE6B1-4879-4729-92AC-6C211FCAB727}.Debug|Any CPU.Build.0 = Debug|Any CPU
		{005FE6B1-4879-4729-92AC-6C211FCAB727}.Release|Any CPU.ActiveCfg = Release|Any CPU
		{005FE6B1-4879-4729-92AC-6C211FCAB727}.Release|Any CPU.Build.0 = Release|Any CPU
		{64B67D32-90BE-4DBC-B939-EFEBB983FC92}.Debug|Any CPU.ActiveCfg = Debug|Any CPU
		{64B67D32-90BE-4DBC-B939-EFEBB983FC92}.Debug|Any CPU.Build.0 = Debug|Any CPU
		{64B67D32-90BE-4DBC-B939-EFEBB983FC92}.Release|Any CPU.ActiveCfg = Release|Any CPU
		{64B67D32-90BE-4DBC-B939-EFEBB983FC92}.Release|Any CPU.Build.0 = Release|Any CPU
		{41C880C8-B091-4385-9CB6-A37F5166737D}.Debug|Any CPU.ActiveCfg = Debug|Any CPU
		{41C880C8-B091-4385-9CB6-A37F5166737D}.Debug|Any CPU.Build.0 = Debug|Any CPU
		{41C880C8-B091-4385-9CB6-A37F5166737D}.Release|Any CPU.ActiveCfg = Release|Any CPU
		{41C880C8-B091-4385-9CB6-A37F5166737D}.Release|Any CPU.Build.0 = Release|Any CPU
		{C092B667-F4DA-41B6-1E9F-031CBCF210AD}.Debug|Any CPU.ActiveCfg = Debug|Any CPU
		{C092B667-F4DA-41B6-1E9F-031CBCF210AD}.Debug|Any CPU.Build.0 = Debug|Any CPU
		{C092B667-F4DA-41B6-1E9F-031CBCF210AD}.Release|Any CPU.ActiveCfg = Release|Any CPU
		{C092B667-F4DA-41B6-1E9F-031CBCF210AD}.Release|Any CPU.Build.0 = Release|Any CPU
		{D1DA9BB8-A31F-5E76-AEF9-E74FC07EBD54}.Debug|Any CPU.ActiveCfg = Debug|Any CPU
		{D1DA9BB8-A31F-5E76-AEF9-E74FC07EBD54}.Debug|Any CPU.Build.0 = Debug|Any CPU
		{D1DA9BB8-A31F-5E76-AEF9-E74FC07EBD54}.Release|Any CPU.ActiveCfg = Release|Any CPU
		{D1DA9BB8-A31F-5E76-AEF9-E74FC07EBD54}.Release|Any CPU.Build.0 = Release|Any CPU
		{C15A9B15-155F-7819-7A6B-3A21A3C37313}.Debug|Any CPU.ActiveCfg = Debug|Any CPU
		{C15A9B15-155F-7819-7A6B-3A21A3C37313}.Debug|Any CPU.Build.0 = Debug|Any CPU
		{C15A9B15-155F-7819-7A6B-3A21A3C37313}.Release|Any CPU.ActiveCfg = Release|Any CPU
		{C15A9B15-155F-7819-7A6B-3A21A3C37313}.Release|Any CPU.Build.0 = Release|Any CPU
		{EF50884A-F4E4-53E0-0036-772ED3E13FA2}.Debug|Any CPU.ActiveCfg = Debug|Any CPU
		{EF50884A-F4E4-53E0-0036-772ED3E13FA2}.Debug|Any CPU.Build.0 = Debug|Any CPU
		{EF50884A-F4E4-53E0-0036-772ED3E13FA2}.Release|Any CPU.ActiveCfg = Release|Any CPU
		{EF50884A-F4E4-53E0-0036-772ED3E13FA2}.Release|Any CPU.Build.0 = Release|Any CPU
		{B5B9F57C-C0AD-4F6D-EE7F-AB847F57DD5B}.Debug|Any CPU.ActiveCfg = Debug|Any CPU
		{B5B9F57C-C0AD-4F6D-EE7F-AB847F57DD5B}.Debug|Any CPU.Build.0 = Debug|Any CPU
		{B5B9F57C-C0AD-4F6D-EE7F-AB847F57DD5B}.Release|Any CPU.ActiveCfg = Release|Any CPU
		{B5B9F57C-C0AD-4F6D-EE7F-AB847F57DD5B}.Release|Any CPU.Build.0 = Release|Any CPU
	EndGlobalSection
	GlobalSection(SolutionProperties) = preSolution
		HideSolutionNode = FALSE
	EndGlobalSection
	GlobalSection(NestedProjects) = preSolution
		{9CF48C3E-469C-4B9D-8193-EE8A14C51B0C} = {57737348-7C9E-4D33-817E-6445421303A5}
		{32C8CCC3-DD11-4460-B14E-B2F73BD2E22D} = {57737348-7C9E-4D33-817E-6445421303A5}
		{02EA681E-C7D8-13C7-8484-4AC65E1B71E8} = {57737348-7C9E-4D33-817E-6445421303A5}
		{F34D70E9-56D8-2594-B45E-B5B60582C7B2} = {02EA681E-C7D8-13C7-8484-4AC65E1B71E8}
		{3C7CDEF9-79E8-4136-9429-BC20110E3F42} = {02EA681E-C7D8-13C7-8484-4AC65E1B71E8}
		{13D2A1AB-45B5-4DF2-80DF-5BA07C017210} = {02EA681E-C7D8-13C7-8484-4AC65E1B71E8}
		{E1917368-655C-4BC8-B2BC-A46780FA89EA} = {02EA681E-C7D8-13C7-8484-4AC65E1B71E8}
		{37DF71A3-1BA1-44AE-9700-40C293CBC80D} = {2C0D7649-FEBD-4140-A84D-18C997A1D7A2}
		{E90E303F-41D3-442C-8879-37466D9B8F5B} = {37DF71A3-1BA1-44AE-9700-40C293CBC80D}
		{2C14CF09-5FB5-4EDF-8FDE-2537063B7476} = {37DF71A3-1BA1-44AE-9700-40C293CBC80D}
		{005FE6B1-4879-4729-92AC-6C211FCAB727} = {37DF71A3-1BA1-44AE-9700-40C293CBC80D}
		{64B67D32-90BE-4DBC-B939-EFEBB983FC92} = {37DF71A3-1BA1-44AE-9700-40C293CBC80D}
		{41C880C8-B091-4385-9CB6-A37F5166737D} = {37DF71A3-1BA1-44AE-9700-40C293CBC80D}
		{0C4CA494-283F-4DC1-A143-EF3CA8DBC821} = {57737348-7C9E-4D33-817E-6445421303A5}
		{C092B667-F4DA-41B6-1E9F-031CBCF210AD} = {0C4CA494-283F-4DC1-A143-EF3CA8DBC821}
		{D1DA9BB8-A31F-5E76-AEF9-E74FC07EBD54} = {57737348-7C9E-4D33-817E-6445421303A5}
		{C15A9B15-155F-7819-7A6B-3A21A3C37313} = {0C4CA494-283F-4DC1-A143-EF3CA8DBC821}
		{EF50884A-F4E4-53E0-0036-772ED3E13FA2} = {0C4CA494-283F-4DC1-A143-EF3CA8DBC821}
		{B5B9F57C-C0AD-4F6D-EE7F-AB847F57DD5B} = {0C4CA494-283F-4DC1-A143-EF3CA8DBC821}
	EndGlobalSection
	GlobalSection(ExtensibilityGlobals) = postSolution
		SolutionGuid = {F014687A-7A3F-4BA1-8FD1-B6C101C8467E}
	EndGlobalSection
EndGlobal
